<?xml version="1.0" encoding="UTF-8" standalone="yes" ?>
<CodeBlocks_project_file>
	<FileVersion major="1" minor="6" />
	<Project>
		<Option title="SuperMediaProducer" />
		<Option pch_mode="2" />
		<Option compiler="gcc" />
		<Build>
			<Target title="Debug">
				<Option output="../lib/SuperMediaProducerd" imp_lib="$(TARGET_OUTPUT_DIR)$(TARGET_OUTPUT_BASENAME).a" def_file="$(TARGET_OUTPUT_DIR)$(TARGET_OUTPUT_BASENAME).def" prefix_auto="1" extension_auto="1" />
				<Option object_output="../obj/Debug/" />
				<Option type="3" />
				<Option compiler="gcc" />
				<Compiler>
					<Add option="-g" />
				</Compiler>
			</Target>
			<Target title="Release">
				<Option output="../bin/Release/SuperMediaProducer" prefix_auto="1" extension_auto="1" />
				<Option object_output="../obj/Release/" />
				<Option type="0" />
				<Option compiler="gcc" />
				<Compiler>
					<Add option="-O2" />
				</Compiler>
				<Linker>
					<Add option="-s" />
				</Linker>
			</Target>
		</Build>
		<Compiler>
			<Add option="-Wall" />
			<Add option="`sdl-config --cflags`" />
			<Add option="-fPIC" />
			<Add directory="include" />
		</Compiler>
		<Linker>
			<Add option="`sdl-config --libs`" />
			<Add library="avcodec" />
			<Add library="avutil" />
			<Add library="avformat" />
			<Add library="avdevice" />
			<Add library="swscale" />
			<Add library="PocoFoundation" />
		</Linker>
		<Unit filename="cb.bmp" />
		<Unit filename="include/SuperMediaProducer/SupMedProducerAPI.h">
			<Option target="Debug" />
		</Unit>
		<Unit filename="include/SuperMediaProducer/SupVideoCapFFmpegImpl.h">
			<Option target="Debug" />
		</Unit>
		<Unit filename="include/SuperMediaProducer/SupVideoCaptureImpl.h">
			<Option target="Debug" />
		</Unit>
		<Unit filename="include/SuperMediaProducer/SuperPictureHandler.h">
			<Option target="Debug" />
		</Unit>
		<Unit filename="include/SuperMediaProducer/SuperVideoCapture.h">
			<Option target="Debug" />
		</Unit>
		<Unit filename="src/SupVideoCapFFmpegImpl.cpp" />
		<Unit filename="src/SuperVideoCapture.cpp">
			<Option target="Debug" />
		</Unit>
		<Extensions>
			<code_completion />
			<debugger />
		</Extensions>
	</Project>
</CodeBlocks_project_file>
