<?xml version="1.0" encoding="UTF-8" standalone="yes" ?>
<CodeBlocks_project_file>
	<FileVersion major="1" minor="6" />
	<Project>
		<Option title="SuperMediaProducer" />
		<Option pch_mode="2" />
		<Option compiler="gcc" />
		<Build>
			<Target title="Debug">
				<Option output="../bin/Debug/SuperMediaProducer" prefix_auto="1" extension_auto="1" />
				<Option object_output="../obj/Debug/" />
				<Option type="1" />
				<Option compiler="gcc" />
				<Compiler>
					<Add option="-g" />
				</Compiler>
			</Target>
			<Target title="Release">
				<Option output="../bin/Release/SuperMediaProducer" prefix_auto="1" extension_auto="1" />
				<Option object_output="../obj/Release/" />
				<Option type="0" />
				<Option compiler="gcc" />
				<Compiler>
					<Add option="-O2" />
				</Compiler>
				<Linker>
					<Add option="-s" />
				</Linker>
			</Target>
		</Build>
		<Compiler>
			<Add option="-Wall" />
			<Add option="`sdl-config --cflags`" />
			<Add directory="include" />
		</Compiler>
		<Linker>
			<Add option="`sdl-config --libs`" />
		</Linker>
		<Unit filename="cb.bmp" />
		<Unit filename="include/SuperMediaProducer/SupMedProducerAPI.h">
			<Option target="&lt;{~None~}&gt;" />
		</Unit>
		<Unit filename="include/SuperMediaProducer/SupVideoCapFFmpegImpl.h">
			<Option target="&lt;{~None~}&gt;" />
		</Unit>
		<Unit filename="include/SuperMediaProducer/SupVideoCaptureImpl.h">
			<Option target="&lt;{~None~}&gt;" />
		</Unit>
		<Unit filename="include/SuperMediaProducer/SuperPictureHandler.h">
			<Option target="&lt;{~None~}&gt;" />
		</Unit>
		<Unit filename="include/SuperMediaProducer/SuperVideoCapture.h">
			<Option target="&lt;{~None~}&gt;" />
		</Unit>
		<Unit filename="main.cpp" />
		<Unit filename="src/SupVideoCapFFmpegImpl.cpp" />
		<Extensions>
			<code_completion />
			<debugger />
		</Extensions>
	</Project>
</CodeBlocks_project_file>
